
Microsoft Visual Studio Solution File, Format Version 12.00
# Visual Studio Version 16
VisualStudioVersion = 16.0.28803.202
MinimumVisualStudioVersion = 10.0.40219.1
Project("{FAE04EC0-301F-11D3-BF4B-00C04F79EFBC}") = "test", "test\test.csproj", "{C1908002-00DA-4134-91B5-D802BE6B8606}"
EndProject
Global
	GlobalSection(SolutionConfigurationPlatforms) = preSolution
		Debug|Any CPU = Debug|Any CPU
		Release|Any CPU = Release|Any CPU
	EndGlobalSection
	GlobalSection(ProjectConfigurationPlatforms) = postSolution
		{C1908002-00DA-4134-91B5-D802BE6B8606}.Debug|Any CPU.ActiveCfg = Debug|Any CPU
		{C1908002-00DA-4134-91B5-D802BE6B8606}.Debug|Any CPU.Build.0 = Debug|Any CPU
		{C1908002-00DA-4134-91B5-D802BE6B8606}.Release|Any CPU.ActiveCfg = Release|Any CPU
		{C1908002-00DA-4134-91B5-D802BE6B8606}.Release|Any CPU.Build.0 = Release|Any CPU
	EndGlobalSection
	GlobalSection(SolutionProperties) = preSolution
		HideSolutionNode = FALSE
	EndGlobalSection
	GlobalSection(ExtensibilityGlobals) = postSolution
		SolutionGuid = {F7ACB086-B737-41AC-93BF-D94DBDE9936C}
	EndGlobalSection
EndGlobal
